
Microsoft Visual Studio Solution File, Format Version 12.00
# Visual Studio Version 17
VisualStudioVersion = 17.1.32210.238
MinimumVisualStudioVersion = 10.0.40219.1
Project("{9A19103F-16F7-4668-BE54-9A1E7A4F7556}") = "PetShop.Blazor.Server", "PetShop.Blazor\Server\PetShop.Blazor.Server.csproj", "{B36938E5-82F7-483A-9AE0-12D6B130028E}"
EndProject
Project("{9A19103F-16F7-4668-BE54-9A1E7A4F7556}") = "PetShop.Blazor.Client", "PetShop.Blazor\Client\PetShop.Blazor.Client.csproj", "{051B84B4-0D91-4A42-A1E7-9BD3C9A0E0C0}"
EndProject
Project("{9A19103F-16F7-4668-BE54-9A1E7A4F7556}") = "PetShop.Blazor.Shared", "PetShop.Blazor\Shared\PetShop.Blazor.Shared.csproj", "{731484F3-EA0A-407B-BCA0-A47F1AA2162A}"
EndProject
Project("{FAE04EC0-301F-11D3-BF4B-00C04F79EFBC}") = "PetShop.Model", "PetShop.Model\PetShop.Model.csproj", "{5D67C809-55F4-49DB-B7C8-48CB8D094FFF}"
EndProject
Project("{9A19103F-16F7-4668-BE54-9A1E7A4F7556}") = "PetShop.EF", "PetShop.EF\PetShop.EF.csproj", "{36AECE42-D911-4026-9404-B48624A97208}"
EndProject
Project("{2150E333-8FDC-42A3-9474-1A3956D46DE8}") = "Common", "Common", "{99BA5533-1663-4957-9BA1-C4CFCE89E077}"
EndProject
Project("{2150E333-8FDC-42A3-9474-1A3956D46DE8}") = "Blazor", "Blazor", "{A804365E-D01F-4FDD-9459-0E51731ED81A}"
EndProject
Global
	GlobalSection(SolutionConfigurationPlatforms) = preSolution
		Debug|Any CPU = Debug|Any CPU
		Release|Any CPU = Release|Any CPU
	EndGlobalSection
	GlobalSection(ProjectConfigurationPlatforms) = postSolution
		{B36938E5-82F7-483A-9AE0-12D6B130028E}.Debug|Any CPU.ActiveCfg = Debug|Any CPU
		{B36938E5-82F7-483A-9AE0-12D6B130028E}.Debug|Any CPU.Build.0 = Debug|Any CPU
		{B36938E5-82F7-483A-9AE0-12D6B130028E}.Release|Any CPU.ActiveCfg = Release|Any CPU
		{B36938E5-82F7-483A-9AE0-12D6B130028E}.Release|Any CPU.Build.0 = Release|Any CPU
		{051B84B4-0D91-4A42-A1E7-9BD3C9A0E0C0}.Debug|Any CPU.ActiveCfg = Debug|Any CPU
		{051B84B4-0D91-4A42-A1E7-9BD3C9A0E0C0}.Debug|Any CPU.Build.0 = Debug|Any CPU
		{051B84B4-0D91-4A42-A1E7-9BD3C9A0E0C0}.Release|Any CPU.ActiveCfg = Release|Any CPU
		{051B84B4-0D91-4A42-A1E7-9BD3C9A0E0C0}.Release|Any CPU.Build.0 = Release|Any CPU
		{731484F3-EA0A-407B-BCA0-A47F1AA2162A}.Debug|Any CPU.ActiveCfg = Debug|Any CPU
		{731484F3-EA0A-407B-BCA0-A47F1AA2162A}.Debug|Any CPU.Build.0 = Debug|Any CPU
		{731484F3-EA0A-407B-BCA0-A47F1AA2162A}.Release|Any CPU.ActiveCfg = Release|Any CPU
		{731484F3-EA0A-407B-BCA0-A47F1AA2162A}.Release|Any CPU.Build.0 = Release|Any CPU
		{5D67C809-55F4-49DB-B7C8-48CB8D094FFF}.Debug|Any CPU.ActiveCfg = Debug|Any CPU
		{5D67C809-55F4-49DB-B7C8-48CB8D094FFF}.Debug|Any CPU.Build.0 = Debug|Any CPU
		{5D67C809-55F4-49DB-B7C8-48CB8D094FFF}.Release|Any CPU.ActiveCfg = Release|Any CPU
		{5D67C809-55F4-49DB-B7C8-48CB8D094FFF}.Release|Any CPU.Build.0 = Release|Any CPU
		{36AECE42-D911-4026-9404-B48624A97208}.Debug|Any CPU.ActiveCfg = Debug|Any CPU
		{36AECE42-D911-4026-9404-B48624A97208}.Debug|Any CPU.Build.0 = Debug|Any CPU
		{36AECE42-D911-4026-9404-B48624A97208}.Release|Any CPU.ActiveCfg = Release|Any CPU
		{36AECE42-D911-4026-9404-B48624A97208}.Release|Any CPU.Build.0 = Release|Any CPU
	EndGlobalSection
	GlobalSection(SolutionProperties) = preSolution
		HideSolutionNode = FALSE
	EndGlobalSection
	GlobalSection(NestedProjects) = preSolution
		{B36938E5-82F7-483A-9AE0-12D6B130028E} = {A804365E-D01F-4FDD-9459-0E51731ED81A}
		{051B84B4-0D91-4A42-A1E7-9BD3C9A0E0C0} = {A804365E-D01F-4FDD-9459-0E51731ED81A}
		{731484F3-EA0A-407B-BCA0-A47F1AA2162A} = {A804365E-D01F-4FDD-9459-0E51731ED81A}
		{5D67C809-55F4-49DB-B7C8-48CB8D094FFF} = {99BA5533-1663-4957-9BA1-C4CFCE89E077}
		{36AECE42-D911-4026-9404-B48624A97208} = {99BA5533-1663-4957-9BA1-C4CFCE89E077}
	EndGlobalSection
	GlobalSection(ExtensibilityGlobals) = postSolution
		SolutionGuid = {C83BC47F-B1C2-4E53-8FFB-20F462BDA2FB}
	EndGlobalSection
EndGlobal
